
Microsoft Visual Studio Solution File, Format Version 12.00
# Visual Studio Version 16
VisualStudioVersion = 16.0.30804.86
MinimumVisualStudioVersion = 10.0.40219.1
Project("{FAE04EC0-301F-11D3-BF4B-00C04F79EFBC}") = "Inheritance", "Inheritance\Inheritance.csproj", "{ECB00236-E2E3-47C1-B253-EE898FD12540}"
EndProject
Project("{FAE04EC0-301F-11D3-BF4B-00C04F79EFBC}") = "04.RandomList", "04.RandomList\04.RandomList.csproj", "{304BE7E0-88BC-4CB5-876D-30D1FF7CF7A3}"
EndProject
Global
	GlobalSection(SolutionConfigurationPlatforms) = preSolution
		Debug|Any CPU = Debug|Any CPU
		Release|Any CPU = Release|Any CPU
	EndGlobalSection
	GlobalSection(ProjectConfigurationPlatforms) = postSolution
		{ECB00236-E2E3-47C1-B253-EE898FD12540}.Debug|Any CPU.ActiveCfg = Debug|Any CPU
		{ECB00236-E2E3-47C1-B253-EE898FD12540}.Debug|Any CPU.Build.0 = Debug|Any CPU
		{ECB00236-E2E3-47C1-B253-EE898FD12540}.Release|Any CPU.ActiveCfg = Release|Any CPU
		{ECB00236-E2E3-47C1-B253-EE898FD12540}.Release|Any CPU.Build.0 = Release|Any CPU
		{304BE7E0-88BC-4CB5-876D-30D1FF7CF7A3}.Debug|Any CPU.ActiveCfg = Debug|Any CPU
		{304BE7E0-88BC-4CB5-876D-30D1FF7CF7A3}.Debug|Any CPU.Build.0 = Debug|Any CPU
		{304BE7E0-88BC-4CB5-876D-30D1FF7CF7A3}.Release|Any CPU.ActiveCfg = Release|Any CPU
		{304BE7E0-88BC-4CB5-876D-30D1FF7CF7A3}.Release|Any CPU.Build.0 = Release|Any CPU
	EndGlobalSection
	GlobalSection(SolutionProperties) = preSolution
		HideSolutionNode = FALSE
	EndGlobalSection
	GlobalSection(ExtensibilityGlobals) = postSolution
		SolutionGuid = {174F4455-B8CD-4508-85F4-1E7E944BD247}
	EndGlobalSection
EndGlobal
